{
    "_meta": {
        "hash": {
            "sha256": "17bec991bdf47750957a1551f5de4dc2037c59f94946566b966284c26bfd97a2"
        },
        "pipfile-spec": 6,
        "requires": {
            "python_version": "*"
        },
        "sources": [
            {
                "name": "pypi",
                "url": "https://pypi.org/simple",
                "verify_ssl": true
            },
            {
                "name": "pypi",
                "url": "https://pypi.org/simple",
                "verify_ssl": true
            }
        ]
    },
    "default": {},
    "develop": {}
}
